Microsoft Visual Studio Solution File, Format Version 12.00
# 17
VisualStudioVersion = 17.11.35312.102
MinimumVisualStudioVersion = 10.0.40219.1
Project("{FAE04EC0-301F-11D3-BF4B-00C04F79EFBC}") = "LinkAndSync", "LinkAndSync\LinkAndSync.csproj", "{55306D4D-37A7-44A3-805A-49C25F4EE904}"
EndProject
Global
	GlobalSection(SolutionConfigurationPlatforms) = preSolution
		Debug|Any CPU = Debug|Any CPU
		Release|Any CPU = Release|Any CPU
	EndGlobalSection
	GlobalSection(ProjectConfigurationPlatforms) = postSolution
		{55306D4D-37A7-44A3-805A-49C25F4EE904}.Debug|Any CPU.ActiveCfg = Debug|Any CPU
		{55306D4D-37A7-44A3-805A-49C25F4EE904}.Debug|Any CPU.Build.0 = Debug|Any CPU
		{55306D4D-37A7-44A3-805A-49C25F4EE904}.Release|Any CPU.ActiveCfg = Release|Any CPU
		{55306D4D-37A7-44A3-805A-49C25F4EE904}.Release|Any CPU.Build.0 = Release|Any CPU
	EndGlobalSection
	GlobalSection(SolutionProperties) = preSolution
		HideSolutionNode = FALSE
	EndGlobalSection
	GlobalSection(ExtensibilityGlobals) = postSolution
		SolutionGuid = {A0A49DF5-0DBE-4607-91EE-1475DB8A6FCB}
	EndGlobalSection
EndGlobal
